{
  "name": "goatee-example-app",
  "version": "1.0.0",
  "lockfileVersion": 3,
  "requires": true,
  "packages": {
    "": {
      "name": "goatee-example-app",
      "version": "1.0.0",
      "license": "MIT",
      "dependencies": {
        "@codegoatx/goatee": "^0.1.7"
      }
    },
    "node_modules/@codegoatx/goatee": {
      "version": "0.1.7",
      "resolved": "https://registry.npmjs.org/@codegoatx/goatee/-/goatee-0.1.7.tgz",
      "integrity": "sha512-BNJDNbR0XkSRanSR+nd3LP6GBA7xxj1LP8NH1xrGrZMDsw0mZdEtrYnd0bV2ODBl+kPd5Ej9Ljnq/KP7fPcnFQ==",
      "license": "MIT",
      "engines": {
        "node": ">=20.12.2",
        "npm": ">=10.5.0"
      }
    }
  }
}
