{
  "name": "goatee-example-app",
  "version": "1.0.0",
  "lockfileVersion": 3,
  "requires": true,
  "packages": {
    "": {
      "name": "goatee-example-app",
      "version": "1.0.0",
      "license": "MIT",
      "dependencies": {
        "@codegoatx/goatee": "^0.1.10"
      }
    },
    "node_modules/@codegoatx/goatee": {
      "version": "0.1.10",
      "resolved": "https://registry.npmjs.org/@codegoatx/goatee/-/goatee-0.1.10.tgz",
      "integrity": "sha512-LJTyhGTeO71wdHm/pKPi+XpmLRJ6RGsvF/89g/jInuoDqYJCXjycw7nz2IB3gn7W0j2BMAMe8uhVwrtzr3kEgQ==",
      "license": "MIT",
      "engines": {
        "node": ">=20.12.2",
        "npm": ">=10.5.0"
      }
    }
  }
}
