{
  "name": "goatee-example-app",
  "version": "1.0.0",
  "lockfileVersion": 3,
  "requires": true,
  "packages": {
    "": {
      "name": "goatee-example-app",
      "version": "1.0.0",
      "license": "MIT",
      "dependencies": {
        "@codegoatx/goatee": "^0.3.1"
      }
    },
    "node_modules/@codegoatx/goatee": {
      "version": "0.3.1",
      "resolved": "https://registry.npmjs.org/@codegoatx/goatee/-/goatee-0.3.1.tgz",
      "integrity": "sha512-CggRzD/Q6Xd5VjL3SkY1eHzxDB4bfSSQVs+LeU0d7dUCe0u8c6+JqAA+WVSVi7TmV2UhME/jV1en5nJT3xT6Uw==",
      "license": "MIT",
      "bin": {
        "goatee": "goatee-cli.js"
      },
      "engines": {
        "node": ">=20.12.2",
        "npm": ">=10.5.0"
      }
    }
  }
}
